
Microsoft Visual Studio Solution File, Format Version 12.00
# Visual Studio Version 17
VisualStudioVersion = 17.5.33530.505
MinimumVisualStudioVersion = 10.0.40219.1
Project("{FAE04EC0-301F-11D3-BF4B-00C04F79EFBC}") = "Remineration", "Remineration.csproj", "{058A374F-7A9D-42C8-BBD1-77A07EBF0BEA}"
EndProject
Global
	GlobalSection(SolutionConfigurationPlatforms) = preSolution
		Debug|Any CPU = Debug|Any CPU
		Release|Any CPU = Release|Any CPU
	EndGlobalSection
	GlobalSection(ProjectConfigurationPlatforms) = postSolution
		{058A374F-7A9D-42C8-BBD1-77A07EBF0BEA}.Debug|Any CPU.ActiveCfg = Debug|Any CPU
		{058A374F-7A9D-42C8-BBD1-77A07EBF0BEA}.Debug|Any CPU.Build.0 = Debug|Any CPU
		{058A374F-7A9D-42C8-BBD1-77A07EBF0BEA}.Release|Any CPU.ActiveCfg = Release|Any CPU
		{058A374F-7A9D-42C8-BBD1-77A07EBF0BEA}.Release|Any CPU.Build.0 = Release|Any CPU
	EndGlobalSection
	GlobalSection(SolutionProperties) = preSolution
		HideSolutionNode = FALSE
	EndGlobalSection
	GlobalSection(ExtensibilityGlobals) = postSolution
		SolutionGuid = {5AF80B72-3259-46B1-BE1C-1246BB8FE861}
	EndGlobalSection
EndGlobal
